# This file was autogenerated by Stack.
# You should not edit this file by hand.
# For more information, please see the documentation at:
#   https://docs.haskellstack.org/en/stable/lock_files

packages:
- completed:
    hackage: websockets-0.12.6.1@sha256:3816e841d8102877817d24ef5c96288e79f1323434268b866aa40732cc86763f,7649
    pantry-tree:
      size: 2592
      sha256: 39a2bb7273c794e77bbc29cd1a0fa9ed15066bd27818cac88f3ab6d5d1d3220e
  original:
    hackage: websockets-0.12.6.1
snapshots:
- completed:
    size: 496112
    url: https://raw.githubusercontent.com/commercialhaskell/stackage-snapshots/master/lts/15/13.yaml
    sha256: 75a1a0f870e1876898b117b0e443f911b3fa2985bfabb53158c81ab5765beda5
  original: lts-15.13
